
Microsoft Visual Studio Solution File, Format Version 12.00
# Visual Studio Version 16
VisualStudioVersion = 16.0.29806.167
MinimumVisualStudioVersion = 10.0.40219.1
Project("{FAE04EC0-301F-11D3-BF4B-00C04F79EFBC}") = "Задание 2", "Задание 2\Задание 2.csproj", "{2F15B066-B82B-45D8-945E-4558F60F4569}"
EndProject
Global
	GlobalSection(SolutionConfigurationPlatforms) = preSolution
		Debug|Any CPU = Debug|Any CPU
		Release|Any CPU = Release|Any CPU
	EndGlobalSection
	GlobalSection(ProjectConfigurationPlatforms) = postSolution
		{2F15B066-B82B-45D8-945E-4558F60F4569}.Debug|Any CPU.ActiveCfg = Debug|Any CPU
		{2F15B066-B82B-45D8-945E-4558F60F4569}.Debug|Any CPU.Build.0 = Debug|Any CPU
		{2F15B066-B82B-45D8-945E-4558F60F4569}.Release|Any CPU.ActiveCfg = Release|Any CPU
		{2F15B066-B82B-45D8-945E-4558F60F4569}.Release|Any CPU.Build.0 = Release|Any CPU
	EndGlobalSection
	GlobalSection(SolutionProperties) = preSolution
		HideSolutionNode = FALSE
	EndGlobalSection
	GlobalSection(ExtensibilityGlobals) = postSolution
		SolutionGuid = {2EA88E7D-BE69-42AA-B15D-FE80950EE637}
	EndGlobalSection
EndGlobal
