
Microsoft Visual Studio Solution File, Format Version 12.00
# Visual Studio Version 16
VisualStudioVersion = 16.0.30011.22
MinimumVisualStudioVersion = 10.0.40219.1
Project("{FAE04EC0-301F-11D3-BF4B-00C04F79EFBC}") = "Задание 4", "Задание 4\Задание 4.csproj", "{259C3D07-AD52-4324-8C6B-2A265EB0FC28}"
EndProject
Global
	GlobalSection(SolutionConfigurationPlatforms) = preSolution
		Debug|Any CPU = Debug|Any CPU
		Release|Any CPU = Release|Any CPU
	EndGlobalSection
	GlobalSection(ProjectConfigurationPlatforms) = postSolution
		{259C3D07-AD52-4324-8C6B-2A265EB0FC28}.Debug|Any CPU.ActiveCfg = Debug|Any CPU
		{259C3D07-AD52-4324-8C6B-2A265EB0FC28}.Debug|Any CPU.Build.0 = Debug|Any CPU
		{259C3D07-AD52-4324-8C6B-2A265EB0FC28}.Release|Any CPU.ActiveCfg = Release|Any CPU
		{259C3D07-AD52-4324-8C6B-2A265EB0FC28}.Release|Any CPU.Build.0 = Release|Any CPU
	EndGlobalSection
	GlobalSection(SolutionProperties) = preSolution
		HideSolutionNode = FALSE
	EndGlobalSection
	GlobalSection(ExtensibilityGlobals) = postSolution
		SolutionGuid = {91CFB3F4-3E76-4F18-B4D5-B81F2C984884}
	EndGlobalSection
EndGlobal
